
Microsoft Visual Studio Solution File, Format Version 12.00
# Visual Studio Version 17
VisualStudioVersion = 17.14.36429.23 d17.14
MinimumVisualStudioVersion = 10.0.40219.1
Project("{FAE04EC0-301F-11D3-BF4B-00C04F79EFBC}") = "CNET1", "CNET1.csproj", "{D652A6A5-1D23-4B2E-872F-18E9448CAC5A}"
EndProject
Global
	GlobalSection(SolutionConfigurationPlatforms) = preSolution
		Debug|Any CPU = Debug|Any CPU
		Release|Any CPU = Release|Any CPU
	EndGlobalSection
	GlobalSection(ProjectConfigurationPlatforms) = postSolution
		{D652A6A5-1D23-4B2E-872F-18E9448CAC5A}.Debug|Any CPU.ActiveCfg = Debug|Any CPU
		{D652A6A5-1D23-4B2E-872F-18E9448CAC5A}.Debug|Any CPU.Build.0 = Debug|Any CPU
		{D652A6A5-1D23-4B2E-872F-18E9448CAC5A}.Release|Any CPU.ActiveCfg = Release|Any CPU
		{D652A6A5-1D23-4B2E-872F-18E9448CAC5A}.Release|Any CPU.Build.0 = Release|Any CPU
	EndGlobalSection
	GlobalSection(SolutionProperties) = preSolution
		HideSolutionNode = FALSE
	EndGlobalSection
	GlobalSection(ExtensibilityGlobals) = postSolution
		SolutionGuid = {DCDADA9B-9535-45AF-A57E-22CD3C3E3B7D}
	EndGlobalSection
EndGlobal
